
Microsoft Visual Studio Solution File, Format Version 12.00
# Visual Studio Version 17
VisualStudioVersion = 17.3.32922.545
MinimumVisualStudioVersion = 10.0.40219.1
Project("{9A19103F-16F7-4668-BE54-9A1E7A4F7556}") = "ProcessMonitor", "ProcessMonitor\ProcessMonitor.csproj", "{1C7B1A97-1B85-40E0-AD28-6C58D759686D}"
EndProject
Project("{FAE04EC0-301F-11D3-BF4B-00C04F79EFBC}") = "ProcessMonitor.Tests", "ProcessMonitor.Tests\ProcessMonitor.Tests.csproj", "{62E021E1-A9A0-4CF5-9F72-12A77847065C}"
EndProject
Global
	GlobalSection(SolutionConfigurationPlatforms) = preSolution
		Debug|Any CPU = Debug|Any CPU
		Release|Any CPU = Release|Any CPU
	EndGlobalSection
	GlobalSection(ProjectConfigurationPlatforms) = postSolution
		{1C7B1A97-1B85-40E0-AD28-6C58D759686D}.Debug|Any CPU.ActiveCfg = Debug|Any CPU
		{1C7B1A97-1B85-40E0-AD28-6C58D759686D}.Debug|Any CPU.Build.0 = Debug|Any CPU
		{1C7B1A97-1B85-40E0-AD28-6C58D759686D}.Release|Any CPU.ActiveCfg = Release|Any CPU
		{1C7B1A97-1B85-40E0-AD28-6C58D759686D}.Release|Any CPU.Build.0 = Release|Any CPU
		{62E021E1-A9A0-4CF5-9F72-12A77847065C}.Debug|Any CPU.ActiveCfg = Debug|Any CPU
		{62E021E1-A9A0-4CF5-9F72-12A77847065C}.Debug|Any CPU.Build.0 = Debug|Any CPU
		{62E021E1-A9A0-4CF5-9F72-12A77847065C}.Release|Any CPU.ActiveCfg = Release|Any CPU
		{62E021E1-A9A0-4CF5-9F72-12A77847065C}.Release|Any CPU.Build.0 = Release|Any CPU
	EndGlobalSection
	GlobalSection(SolutionProperties) = preSolution
		HideSolutionNode = FALSE
	EndGlobalSection
	GlobalSection(ExtensibilityGlobals) = postSolution
		SolutionGuid = {36518DC2-8CBD-4304-A705-D3721F932068}
	EndGlobalSection
EndGlobal
